// !$*UTF8*$!
{
	archiveVersion = 1;
	classes = {
	};
	objectVersion = 50;
	objects = {

/* Begin PBXBuildFile section */
		98A46BEB26709089002A7A78 /* figure8App.swift in Sources */ = {isa = PBXBuildFile; fileRef = 98A46BEA26709089002A7A78 /* figure8App.swift */; };
		98A46BED26709089002A7A78 /* ContentView.swift in Sources */ = {isa = PBXBuildFile; fileRef = 98A46BEC26709089002A7A78 /* ContentView.swift */; };
		98A46BEF2670908B002A7A78 /* Assets.xcassets in Resources */ = {isa = PBXBuildFile; fileRef = 98A46BEE2670908B002A7A78 /* Assets.xcassets */; };
		98A46BF22670908B002A7A78 /* Preview Assets.xcassets in Resources */ = {isa = PBXBuildFile; fileRef = 98A46BF12670908B002A7A78 /* Preview Assets.xcassets */; };
		98A46BFB2670928A002A7A78 /* WindSlider.swift in Sources */ = {isa = PBXBuildFile; fileRef = 98A46BFA2670928A002A7A78 /* WindSlider.swift */; };
		98A46BFD2670991C002A7A78 /* ArrowView.swift in Sources */ = {isa = PBXBuildFile; fileRef = 98A46BFC2670991C002A7A78 /* ArrowView.swift */; };
		98A46BFF2670A324002A7A78 /* Model.swift in Sources */ = {isa = PBXBuildFile; fileRef = 98A46BFE2670A324002A7A78 /* Model.swift */; };
		98A46C012670B069002A7A78 /* DrawingView.swift in Sources */ = {isa = PBXBuildFile; fileRef = 98A46C002670B069002A7A78 /* DrawingView.swift */; };
		98A46C032670BFB4002A7A78 /* WindSpeedSlider.swift in Sources */ = {isa = PBXBuildFile; fileRef = 98A46C022670BFB4002A7A78 /* WindSpeedSlider.swift */; };
		98A46C052670D482002A7A78 /* AngleOfBankSlider.swift in Sources */ = {isa = PBXBuildFile; fileRef = 98A46C042670D482002A7A78 /* AngleOfBankSlider.swift */; };
		98F9B72C26C7FA0100A89228 /* screenshot.png in Resources */ = {isa = PBXBuildFile; fileRef = 98F9B72B26C7FA0100A89228 /* screenshot.png */; };
/* End PBXBuildFile section */

/* Begin PBXFileReference section */
		98A46BE726709089002A7A78 /* figure8.app */ = {isa = PBXFileReference; explicitFileType = wrapper.application; includeInIndex = 0; path = figure8.app; sourceTree = BUILT_PRODUCTS_DIR; };
		98A46BEA26709089002A7A78 /* figure8App.swift */ = {isa = PBXFileReference; lastKnownFileType = sourcecode.swift; path = figure8App.swift; sourceTree = "<group>"; };
		98A46BEC26709089002A7A78 /* ContentView.swift */ = {isa = PBXFileReference; lastKnownFileType = sourcecode.swift; path = ContentView.swift; sourceTree = "<group>"; };
		98A46BEE2670908B002A7A78 /* Assets.xcassets */ = {isa = PBXFileReference; lastKnownFileType = folder.assetcatalog; path = Assets.xcassets; sourceTree = "<group>"; };
		98A46BF12670908B002A7A78 /* Preview Assets.xcassets */ = {isa = PBXFileReference; lastKnownFileType = folder.assetcatalog; path = "Preview Assets.xcassets"; sourceTree = "<group>"; };
		98A46BF32670908B002A7A78 /* Info.plist */ = {isa = PBXFileReference; lastKnownFileType = text.plist.xml; path = Info.plist; sourceTree = "<group>"; };
		98A46BF42670908B002A7A78 /* figure8.entitlements */ = {isa = PBXFileReference; lastKnownFileType = text.plist.entitlements; path = figure8.entitlements; sourceTree = "<group>"; };
		98A46BFA2670928A002A7A78 /* WindSlider.swift */ = {isa = PBXFileReference; lastKnownFileType = sourcecode.swift; path = WindSlider.swift; sourceTree = "<group>"; };
		98A46BFC2670991C002A7A78 /* ArrowView.swift */ = {isa = PBXFileReference; lastKnownFileType = sourcecode.swift; path = ArrowView.swift; sourceTree = "<group>"; };
		98A46BFE2670A324002A7A78 /* Model.swift */ = {isa = PBXFileReference; lastKnownFileType = sourcecode.swift; path = Model.swift; sourceTree = "<group>"; };
		98A46C002670B069002A7A78 /* DrawingView.swift */ = {isa = PBXFileReference; lastKnownFileType = sourcecode.swift; path = DrawingView.swift; sourceTree = "<group>"; };
		98A46C022670BFB4002A7A78 /* WindSpeedSlider.swift */ = {isa = PBXFileReference; lastKnownFileType = sourcecode.swift; name = WindSpeedSlider.swift; path = figure8/WindSpeedSlider.swift; sourceTree = "<group>"; };
		98A46C042670D482002A7A78 /* AngleOfBankSlider.swift */ = {isa = PBXFileReference; lastKnownFileType = sourcecode.swift; name = AngleOfBankSlider.swift; path = figure8/AngleOfBankSlider.swift; sourceTree = "<group>"; };
		98F9B72B26C7FA0100A89228 /* screenshot.png */ = {isa = PBXFileReference; lastKnownFileType = image.png; path = screenshot.png; sourceTree = "<group>"; };
		98F9B72D26C7FFD500A89228 /* README.md */ = {isa = PBXFileReference; lastKnownFileType = net.daringfireball.markdown; path = README.md; sourceTree = "<group>"; };
/* End PBXFileReference section */

/* Begin PBXFrameworksBuildPhase section */
		98A46BE426709089002A7A78 /* Frameworks */ = {
			isa = PBXFrameworksBuildPhase;
			buildActionMask = 2147483647;
			files = (
			);
			runOnlyForDeploymentPostprocessing = 0;
		};
/* End PBXFrameworksBuildPhase section */

/* Begin PBXGroup section */
		98A46BDE26709089002A7A78 = {
			isa = PBXGroup;
			children = (
				98F9B72D26C7FFD500A89228 /* README.md */,
				98F9B72A26C7F9D600A89228 /* Images */,
				98A46C022670BFB4002A7A78 /* WindSpeedSlider.swift */,
				98A46C042670D482002A7A78 /* AngleOfBankSlider.swift */,
				98A46BE926709089002A7A78 /* figure8 */,
				98A46BE826709089002A7A78 /* Products */,
			);
			sourceTree = "<group>";
		};
		98A46BE826709089002A7A78 /* Products */ = {
			isa = PBXGroup;
			children = (
				98A46BE726709089002A7A78 /* figure8.app */,
			);
			name = Products;
			sourceTree = "<group>";
		};
		98A46BE926709089002A7A78 /* figure8 */ = {
			isa = PBXGroup;
			children = (
				98A46BEA26709089002A7A78 /* figure8App.swift */,
				98A46BEC26709089002A7A78 /* ContentView.swift */,
				98A46BFA2670928A002A7A78 /* WindSlider.swift */,
				98A46C002670B069002A7A78 /* DrawingView.swift */,
				98A46BFE2670A324002A7A78 /* Model.swift */,
				98A46BFC2670991C002A7A78 /* ArrowView.swift */,
				98A46BEE2670908B002A7A78 /* Assets.xcassets */,
				98A46BF32670908B002A7A78 /* Info.plist */,
				98A46BF42670908B002A7A78 /* figure8.entitlements */,
				98A46BF02670908B002A7A78 /* Preview Content */,
			);
			path = figure8;
			sourceTree = "<group>";
		};
		98A46BF02670908B002A7A78 /* Preview Content */ = {
			isa = PBXGroup;
			children = (
				98A46BF12670908B002A7A78 /* Preview Assets.xcassets */,
			);
			path = "Preview Content";
			sourceTree = "<group>";
		};
		98F9B72A26C7F9D600A89228 /* Images */ = {
			isa = PBXGroup;
			children = (
				98F9B72B26C7FA0100A89228 /* screenshot.png */,
			);
			path = Images;
			sourceTree = "<group>";
		};
/* End PBXGroup section */

/* Begin PBXNativeTarget section */
		98A46BE626709089002A7A78 /* figure8 */ = {
			isa = PBXNativeTarget;
			buildConfigurationList = 98A46BF72670908B002A7A78 /* Build configuration list for PBXNativeTarget "figure8" */;
			buildPhases = (
				98A46BE326709089002A7A78 /* Sources */,
				98A46BE426709089002A7A78 /* Frameworks */,
				98A46BE526709089002A7A78 /* Resources */,
			);
			buildRules = (
			);
			dependencies = (
			);
			name = figure8;
			productName = figure8;
			productReference = 98A46BE726709089002A7A78 /* figure8.app */;
			productType = "com.apple.product-type.application";
		};
/* End PBXNativeTarget section */

/* Begin PBXProject section */
		98A46BDF26709089002A7A78 /* Project object */ = {
			isa = PBXProject;
			attributes = {
				LastSwiftUpdateCheck = 1250;
				LastUpgradeCheck = 1250;
				TargetAttributes = {
					98A46BE626709089002A7A78 = {
						CreatedOnToolsVersion = 12.5;
					};
				};
			};
			buildConfigurationList = 98A46BE226709089002A7A78 /* Build configuration list for PBXProject "figure8" */;
			compatibilityVersion = "Xcode 9.3";
			developmentRegion = en;
			hasScannedForEncodings = 0;
			knownRegions = (
				en,
				Base,
			);
			mainGroup = 98A46BDE26709089002A7A78;
			productRefGroup = 98A46BE826709089002A7A78 /* Products */;
			projectDirPath = "";
			projectRoot = "";
			targets = (
				98A46BE626709089002A7A78 /* figure8 */,
			);
		};
/* End PBXProject section */

/* Begin PBXResourcesBuildPhase section */
		98A46BE526709089002A7A78 /* Resources */ = {
			isa = PBXResourcesBuildPhase;
			buildActionMask = 2147483647;
			files = (
				98F9B72C26C7FA0100A89228 /* screenshot.png in Resources */,
				98A46BF22670908B002A7A78 /* Preview Assets.xcassets in Resources */,
				98A46BEF2670908B002A7A78 /* Assets.xcassets in Resources */,
			);
			runOnlyForDeploymentPostprocessing = 0;
		};
/* End PBXResourcesBuildPhase section */

/* Begin PBXSourcesBuildPhase section */
		98A46BE326709089002A7A78 /* Sources */ = {
			isa = PBXSourcesBuildPhase;
			buildActionMask = 2147483647;
			files = (
				98A46BFF2670A324002A7A78 /* Model.swift in Sources */,
				98A46BFD2670991C002A7A78 /* ArrowView.swift in Sources */,
				98A46BED26709089002A7A78 /* ContentView.swift in Sources */,
				98A46C012670B069002A7A78 /* DrawingView.swift in Sources */,
				98A46C032670BFB4002A7A78 /* WindSpeedSlider.swift in Sources */,
				98A46C052670D482002A7A78 /* AngleOfBankSlider.swift in Sources */,
				98A46BFB2670928A002A7A78 /* WindSlider.swift in Sources */,
				98A46BEB26709089002A7A78 /* figure8App.swift in Sources */,
			);
			runOnlyForDeploymentPostprocessing = 0;
		};
/* End PBXSourcesBuildPhase section */

/* Begin XCBuildConfiguration section */
		98A46BF52670908B002A7A78 /* Debug */ = {
			isa = XCBuildConfiguration;
			buildSettings = {
				ALWAYS_SEARCH_USER_PATHS = NO;
				CLANG_ANALYZER_NONNULL = YES;
				CLANG_ANALYZER_NUMBER_OBJECT_CONVERSION = YES_AGGRESSIVE;
				CLANG_CXX_LANGUAGE_STANDARD = "gnu++14";
				CLANG_CXX_LIBRARY = "libc++";
				CLANG_ENABLE_MODULES = YES;
				CLANG_ENABLE_OBJC_ARC = YES;
				CLANG_ENABLE_OBJC_WEAK = YES;
				CLANG_WARN_BLOCK_CAPTURE_AUTORELEASING = YES;
				CLANG_WARN_BOOL_CONVERSION = YES;
				CLANG_WARN_COMMA = YES;
				CLANG_WARN_CONSTANT_CONVERSION = YES;
				CLANG_WARN_DEPRECATED_OBJC_IMPLEMENTATIONS = YES;
				CLANG_WARN_DIRECT_OBJC_ISA_USAGE = YES_ERROR;
				CLANG_WARN_DOCUMENTATION_COMMENTS = YES;
				CLANG_WARN_EMPTY_BODY = YES;
				CLANG_WARN_ENUM_CONVERSION = YES;
				CLANG_WARN_INFINITE_RECURSION = YES;
				CLANG_WARN_INT_CONVERSION = YES;
				CLANG_WARN_NON_LITERAL_NULL_CONVERSION = YES;
				CLANG_WARN_OBJC_IMPLICIT_RETAIN_SELF = YES;
				CLANG_WARN_OBJC_LITERAL_CONVERSION = YES;
				CLANG_WARN_OBJC_ROOT_CLASS = YES_ERROR;
				CLANG_WARN_QUOTED_INCLUDE_IN_FRAMEWORK_HEADER = YES;
				CLANG_WARN_RANGE_LOOP_ANALYSIS = YES;
				CLANG_WARN_STRICT_PROTOTYPES = YES;
				CLANG_WARN_SUSPICIOUS_MOVE = YES;
				CLANG_WARN_UNGUARDED_AVAILABILITY = YES_AGGRESSIVE;
				CLANG_WARN_UNREACHABLE_CODE = YES;
				CLANG_WARN__DUPLICATE_METHOD_MATCH = YES;
				COPY_PHASE_STRIP = NO;
				DEBUG_INFORMATION_FORMAT = dwarf;
				ENABLE_STRICT_OBJC_MSGSEND = YES;
				ENABLE_TESTABILITY = YES;
				GCC_C_LANGUAGE_STANDARD = gnu11;
				GCC_DYNAMIC_NO_PIC = NO;
				GCC_NO_COMMON_BLOCKS = YES;
				GCC_OPTIMIZATION_LEVEL = 0;
				GCC_PREPROCESSOR_DEFINITIONS = (
					"DEBUG=1",
					"$(inherited)",
				);
				GCC_WARN_64_TO_32_BIT_CONVERSION = YES;
				GCC_WARN_ABOUT_RETURN_TYPE = YES_ERROR;
				GCC_WARN_UNDECLARED_SELECTOR = YES;
				GCC_WARN_UNINITIALIZED_AUTOS = YES_AGGRESSIVE;
				GCC_WARN_UNUSED_FUNCTION = YES;
				GCC_WARN_UNUSED_VARIABLE = YES;
				MACOSX_DEPLOYMENT_TARGET = 11.3;
				MTL_ENABLE_DEBUG_INFO = INCLUDE_SOURCE;
				MTL_FAST_MATH = YES;
				ONLY_ACTIVE_ARCH = YES;
				SDKROOT = macosx;
				SWIFT_ACTIVE_COMPILATION_CONDITIONS = DEBUG;
				SWIFT_OPTIMIZATION_LEVEL = "-Onone";
			};
			name = Debug;
		};
		98A46BF62670908B002A7A78 /* Release */ = {
			isa = XCBuildConfiguration;
			buildSettings = {
				ALWAYS_SEARCH_USER_PATHS = NO;
				CLANG_ANALYZER_NONNULL = YES;
				CLANG_ANALYZER_NUMBER_OBJECT_CONVERSION = YES_AGGRESSIVE;
				CLANG_CXX_LANGUAGE_STANDARD = "gnu++14";
				CLANG_CXX_LIBRARY = "libc++";
				CLANG_ENABLE_MODULES = YES;
				CLANG_ENABLE_OBJC_ARC = YES;
				CLANG_ENABLE_OBJC_WEAK = YES;
				CLANG_WARN_BLOCK_CAPTURE_AUTORELEASING = YES;
				CLANG_WARN_BOOL_CONVERSION = YES;
				CLANG_WARN_COMMA = YES;
				CLANG_WARN_CONSTANT_CONVERSION = YES;
				CLANG_WARN_DEPRECATED_OBJC_IMPLEMENTATIONS = YES;
				CLANG_WARN_DIRECT_OBJC_ISA_USAGE = YES_ERROR;
				CLANG_WARN_DOCUMENTATION_COMMENTS = YES;
				CLANG_WARN_EMPTY_BODY = YES;
				CLANG_WARN_ENUM_CONVERSION = YES;
				CLANG_WARN_INFINITE_RECURSION = YES;
				CLANG_WARN_INT_CONVERSION = YES;
				CLANG_WARN_NON_LITERAL_NULL_CONVERSION = YES;
				CLANG_WARN_OBJC_IMPLICIT_RETAIN_SELF = YES;
				CLANG_WARN_OBJC_LITERAL_CONVERSION = YES;
				CLANG_WARN_OBJC_ROOT_CLASS = YES_ERROR;
				CLANG_WARN_QUOTED_INCLUDE_IN_FRAMEWORK_HEADER = YES;
				CLANG_WARN_RANGE_LOOP_ANALYSIS = YES;
				CLANG_WARN_STRICT_PROTOTYPES = YES;
				CLANG_WARN_SUSPICIOUS_MOVE = YES;
				CLANG_WARN_UNGUARDED_AVAILABILITY = YES_AGGRESSIVE;
				CLANG_WARN_UNREACHABLE_CODE = YES;
				CLANG_WARN__DUPLICATE_METHOD_MATCH = YES;
				COPY_PHASE_STRIP = NO;
				DEBUG_INFORMATION_FORMAT = "dwarf-with-dsym";
				ENABLE_NS_ASSERTIONS = NO;
				ENABLE_STRICT_OBJC_MSGSEND = YES;
				GCC_C_LANGUAGE_STANDARD = gnu11;
				GCC_NO_COMMON_BLOCKS = YES;
				GCC_WARN_64_TO_32_BIT_CONVERSION = YES;
				GCC_WARN_ABOUT_RETURN_TYPE = YES_ERROR;
				GCC_WARN_UNDECLARED_SELECTOR = YES;
				GCC_WARN_UNINITIALIZED_AUTOS = YES_AGGRESSIVE;
				GCC_WARN_UNUSED_FUNCTION = YES;
				GCC_WARN_UNUSED_VARIABLE = YES;
				MACOSX_DEPLOYMENT_TARGET = 11.3;
				MTL_ENABLE_DEBUG_INFO = NO;
				MTL_FAST_MATH = YES;
				SDKROOT = macosx;
				SWIFT_COMPILATION_MODE = wholemodule;
				SWIFT_OPTIMIZATION_LEVEL = "-O";
			};
			name = Release;
		};
		98A46BF82670908B002A7A78 /* Debug */ = {
			isa = XCBuildConfiguration;
			buildSettings = {
				ASSETCATALOG_COMPILER_APPICON_NAME = AppIcon;
				ASSETCATALOG_COMPILER_GLOBAL_ACCENT_COLOR_NAME = AccentColor;
				CODE_SIGN_ENTITLEMENTS = figure8/figure8.entitlements;
				CODE_SIGN_STYLE = Automatic;
				COMBINE_HIDPI_IMAGES = YES;
				DEVELOPMENT_ASSET_PATHS = "\"figure8/Preview Content\"";
				DEVELOPMENT_TEAM = Y93QG5LSA7;
				ENABLE_HARDENED_RUNTIME = YES;
				ENABLE_PREVIEWS = YES;
				INFOPLIST_FILE = figure8/Info.plist;
				LD_RUNPATH_SEARCH_PATHS = (
					"$(inherited)",
					"@executable_path/../Frameworks",
				);
				MACOSX_DEPLOYMENT_TARGET = 11.0;
				PRODUCT_BUNDLE_IDENTIFIER = com.nathanstankevicius.figure8;
				PRODUCT_NAME = "$(TARGET_NAME)";
				SWIFT_VERSION = 5.0;
			};
			name = Debug;
		};
		98A46BF92670908B002A7A78 /* Release */ = {
			isa = XCBuildConfiguration;
			buildSettings = {
				ASSETCATALOG_COMPILER_APPICON_NAME = AppIcon;
				ASSETCATALOG_COMPILER_GLOBAL_ACCENT_COLOR_NAME = AccentColor;
				CODE_SIGN_ENTITLEMENTS = figure8/figure8.entitlements;
				CODE_SIGN_STYLE = Automatic;
				COMBINE_HIDPI_IMAGES = YES;
				DEVELOPMENT_ASSET_PATHS = "\"figure8/Preview Content\"";
				DEVELOPMENT_TEAM = Y93QG5LSA7;
				ENABLE_HARDENED_RUNTIME = YES;
				ENABLE_PREVIEWS = YES;
				INFOPLIST_FILE = figure8/Info.plist;
				LD_RUNPATH_SEARCH_PATHS = (
					"$(inherited)",
					"@executable_path/../Frameworks",
				);
				MACOSX_DEPLOYMENT_TARGET = 11.0;
				PRODUCT_BUNDLE_IDENTIFIER = com.nathanstankevicius.figure8;
				PRODUCT_NAME = "$(TARGET_NAME)";
				SWIFT_VERSION = 5.0;
			};
			name = Release;
		};
/* End XCBuildConfiguration section */

/* Begin XCConfigurationList section */
		98A46BE226709089002A7A78 /* Build configuration list for PBXProject "figure8" */ = {
			isa = XCConfigurationList;
			buildConfigurations = (
				98A46BF52670908B002A7A78 /* Debug */,
				98A46BF62670908B002A7A78 /* Release */,
			);
			defaultConfigurationIsVisible = 0;
			defaultConfigurationName = Release;
		};
		98A46BF72670908B002A7A78 /* Build configuration list for PBXNativeTarget "figure8" */ = {
			isa = XCConfigurationList;
			buildConfigurations = (
				98A46BF82670908B002A7A78 /* Debug */,
				98A46BF92670908B002A7A78 /* Release */,
			);
			defaultConfigurationIsVisible = 0;
			defaultConfigurationName = Release;
		};
/* End XCConfigurationList section */
	};
	rootObject = 98A46BDF26709089002A7A78 /* Project object */;
}
